
Microsoft Visual Studio Solution File, Format Version 12.00
# Visual Studio Version 16
VisualStudioVersion = 16.0.33927.289
MinimumVisualStudioVersion = 10.0.40219.1
Project("{FAE04EC0-301F-11D3-BF4B-00C04F79EFBC}") = "Lesson1_类和对象", "Lesson1_类和对象\Lesson1_类和对象.csproj", "{2C8A577C-9FE4-46BA-9D0C-240DBDCDD774}"
EndProject
Project("{FAE04EC0-301F-11D3-BF4B-00C04F79EFBC}") = "作业_Lesson1", "作业_Lesson1\作业_Lesson1.csproj", "{9B916D12-2F15-430E-84BF-E8E3D2A7062E}"
EndProject
Project("{FAE04EC0-301F-11D3-BF4B-00C04F79EFBC}") = "Lesson2_封装_成员变量和访问修饰符", "Lesson2_封装_成员变量和访问修饰符\Lesson2_封装_成员变量和访问修饰符.csproj", "{732F88B6-39D4-433F-AC0C-9546F09B1968}"
EndProject
Project("{FAE04EC0-301F-11D3-BF4B-00C04F79EFBC}") = "作业_Lesson2", "作业_Lesson2\作业_Lesson2.csproj", "{BA659652-1882-4AAA-8965-3D8234CF93DC}"
EndProject
Project("{FAE04EC0-301F-11D3-BF4B-00C04F79EFBC}") = "Lesson3_封装_成员方法", "Lesson3_封装_成员方法\Lesson3_封装_成员方法.csproj", "{65F61038-4F95-4B5C-9AF9-202AF9652540}"
EndProject
Project("{FAE04EC0-301F-11D3-BF4B-00C04F79EFBC}") = "作业_Lesson3", "作业_Lesson3\作业_Lesson3.csproj", "{A5E8C331-D0D3-4D8F-BD23-2485C19BECEE}"
EndProject
Project("{FAE04EC0-301F-11D3-BF4B-00C04F79EFBC}") = "Lesson4_封装_构造函数和析构函数", "Lesson4_封装_构造函数和析构函数\Lesson4_封装_构造函数和析构函数.csproj", "{14EE1310-FDC1-47A2-BC36-B72B5D413EF9}"
EndProject
Project("{FAE04EC0-301F-11D3-BF4B-00C04F79EFBC}") = "作业_Lesson4", "作业_Lesson4\作业_Lesson4.csproj", "{1CA86C04-8FB0-461A-B0A7-6C4D24815982}"
EndProject
Project("{FAE04EC0-301F-11D3-BF4B-00C04F79EFBC}") = "Lesson5_封装_成员属性", "Lesson5_封装_成员属性\Lesson5_封装_成员属性.csproj", "{31866D28-0A48-409F-B194-A23DDA6444CA}"
EndProject
Project("{FAE04EC0-301F-11D3-BF4B-00C04F79EFBC}") = "作业_Lesson5", "作业_Lesson5\作业_Lesson5.csproj", "{5C62B854-CE2F-4887-B44C-FA024A4E52F9}"
EndProject
Project("{FAE04EC0-301F-11D3-BF4B-00C04F79EFBC}") = "Lesson6_封装_索引器", "Lesson6_封装_索引器\Lesson6_封装_索引器.csproj", "{28170F74-1B58-4714-A354-BDDEAFECB65A}"
EndProject
Project("{FAE04EC0-301F-11D3-BF4B-00C04F79EFBC}") = "作业_Lesson6", "作业_Lesson6\作业_Lesson6.csproj", "{883E68CE-0FCE-4285-AE7F-DD3C67863629}"
EndProject
Project("{FAE04EC0-301F-11D3-BF4B-00C04F79EFBC}") = "Lesson7_封装_静态成员", "Lesson7_封装_静态成员\Lesson7_封装_静态成员.csproj", "{F00BD8DC-1C73-46F9-B83D-6801DF960060}"
EndProject
Project("{FAE04EC0-301F-11D3-BF4B-00C04F79EFBC}") = "作业_Lesson7", "作业_Lesson7\作业_Lesson7.csproj", "{7DEF2D28-9A4A-48C8-8470-B0C0C1FC0E1C}"
EndProject
Project("{FAE04EC0-301F-11D3-BF4B-00C04F79EFBC}") = "Lesson8_封装_静态类和静态构造函数", "Lesson8_封装_静态类和静态构造函数\Lesson8_封装_静态类和静态构造函数.csproj", "{3E7E8CD6-F953-495E-9B07-FA58BB0355B6}"
EndProject
Project("{FAE04EC0-301F-11D3-BF4B-00C04F79EFBC}") = "作业_Lesson8", "作业_Lesson8\作业_Lesson8.csproj", "{6FF44DA5-17EF-45C7-BB9C-51FF5DBB6F5A}"
EndProject
Project("{FAE04EC0-301F-11D3-BF4B-00C04F79EFBC}") = "Lesson9_封装_拓展方法", "Lesson9_封装_拓展方法\Lesson9_封装_拓展方法.csproj", "{9418D4B9-CE5F-4D90-9D52-C44EB91CD503}"
EndProject
Project("{FAE04EC0-301F-11D3-BF4B-00C04F79EFBC}") = "作业_Lesson9", "作业_Lesson9\作业_Lesson9.csproj", "{89F81C08-EA50-481A-9E9D-8E184AA1C067}"
EndProject
Project("{FAE04EC0-301F-11D3-BF4B-00C04F79EFBC}") = "Lesson10_封装_运算符重载", "Lesson10_封装_运算符重载\Lesson10_封装_运算符重载.csproj", "{787FEC43-8EAE-42C4-86C8-10FC8A9D33FD}"
EndProject
Project("{FAE04EC0-301F-11D3-BF4B-00C04F79EFBC}") = "作业_Lesson10", "作业_Lesson10\作业_Lesson10.csproj", "{F39CEE6A-29C9-4524-ACC4-FFFFA4DBE087}"
EndProject
Project("{FAE04EC0-301F-11D3-BF4B-00C04F79EFBC}") = "Lesson11_封装_内部类和分布类", "Lesson11_封装_内部类和分布类\Lesson11_封装_内部类和分布类.csproj", "{4C8CD385-CEDB-417C-9BED-4BBCD6494927}"
EndProject
Project("{FAE04EC0-301F-11D3-BF4B-00C04F79EFBC}") = "Lesson12_继承_继承的基本原则", "Lesson12_继承_继承的基本原则\Lesson12_继承_继承的基本原则.csproj", "{B66A0C80-E65A-4720-BBED-8197DF85EA0E}"
EndProject
Project("{FAE04EC0-301F-11D3-BF4B-00C04F79EFBC}") = "作业_Lesson12", "作业_Lesson12\作业_Lesson12.csproj", "{07EF6CCE-E934-46C2-82E0-9D6B6E72208E}"
EndProject
Project("{FAE04EC0-301F-11D3-BF4B-00C04F79EFBC}") = "Lesson13_继承_里氏替换原则", "Lesson13_继承_里氏替换原则\Lesson13_继承_里氏替换原则.csproj", "{FC043A3D-551D-407F-9B04-3A043DB374E5}"
EndProject
Project("{FAE04EC0-301F-11D3-BF4B-00C04F79EFBC}") = "作业_Lesson13", "作业_Lesson13\作业_Lesson13.csproj", "{CD471E46-51C4-47E8-877B-9362688FF921}"
EndProject
Project("{FAE04EC0-301F-11D3-BF4B-00C04F79EFBC}") = "Lesson14_继承_继承中的构造函数", "Lesson14_继承_继承中的构造函数\Lesson14_继承_继承中的构造函数.csproj", "{CA6DAEA6-09A5-4A81-924A-2AB32C04B73D}"
EndProject
Project("{FAE04EC0-301F-11D3-BF4B-00C04F79EFBC}") = "作业_ Lesson14", "作业_ Lesson14\作业_ Lesson14.csproj", "{2BCBCADF-00AD-445F-A6AF-D2E17CF74C4F}"
EndProject
Project("{FAE04EC0-301F-11D3-BF4B-00C04F79EFBC}") = "Lesson15_封装_万物之父和装箱拆箱", "Lesson15_封装_万物之父和装箱拆箱\Lesson15_封装_万物之父和装箱拆箱.csproj", "{F56A8B4F-7961-42A0-A543-2BB0D0DD6067}"
EndProject
Project("{FAE04EC0-301F-11D3-BF4B-00C04F79EFBC}") = "Lesson16_继承_密封类", "Lesson16_继承_密封类\Lesson16_继承_密封类.csproj", "{6253B497-AB88-487D-A044-38B52AE0A164}"
EndProject
Project("{FAE04EC0-301F-11D3-BF4B-00C04F79EFBC}") = "作业_Lesson16", "作业_Lesson16\作业_Lesson16.csproj", "{9DE7161F-5302-46CA-8530-17EB32957097}"
EndProject
Project("{FAE04EC0-301F-11D3-BF4B-00C04F79EFBC}") = "Lesson17_多态_vob", "Lesson17_多态_vob\Lesson17_多态_vob.csproj", "{D5690BF4-26AE-462D-87D5-1BF57C86AED0}"
EndProject
Project("{FAE04EC0-301F-11D3-BF4B-00C04F79EFBC}") = "作业_Lesson17", "作业_Lesson17\作业_Lesson17.csproj", "{7CC4A26B-3E0A-49C1-AC64-C6B4C87D0A44}"
EndProject
Project("{FAE04EC0-301F-11D3-BF4B-00C04F79EFBC}") = "Lesson18_多态_抽象类和抽象方法", "Lesson18_多态_抽象类和抽象方法\Lesson18_多态_抽象类和抽象方法.csproj", "{EA65C67A-6F5E-4823-A310-5A77EA69E22F}"
EndProject
Project("{FAE04EC0-301F-11D3-BF4B-00C04F79EFBC}") = "作业_Lesson18", "作业_Lesson18\作业_Lesson18.csproj", "{E2DDB95E-A501-4EBB-9BCE-64FE64CEF713}"
EndProject
Project("{FAE04EC0-301F-11D3-BF4B-00C04F79EFBC}") = "Lesson19_多态_接口", "Lesson19_多态_接口\Lesson19_多态_接口.csproj", "{4B56A211-CD68-44C4-AB57-2383907DA44C}"
EndProject
Project("{FAE04EC0-301F-11D3-BF4B-00C04F79EFBC}") = "作业_Lesson19", "作业_Lesson19\作业_Lesson19.csproj", "{5F3C47D7-9C35-4A1C-8122-3CC1569E0C07}"
EndProject
Project("{FAE04EC0-301F-11D3-BF4B-00C04F79EFBC}") = "Lesson20_多态_密封方法", "Lesson20_多态_密封方法\Lesson20_多态_密封方法.csproj", "{0C598D10-838C-4879-A762-5F6B7EB5ECC3}"
EndProject
Project("{FAE04EC0-301F-11D3-BF4B-00C04F79EFBC}") = "Lesson21_面向对象相关_命名空间", "Lesson21_面向对象相关_命名空间\Lesson21_面向对象相关_命名空间.csproj", "{246C37DE-3F24-4FF7-9206-DBE87360525D}"
EndProject
Project("{FAE04EC0-301F-11D3-BF4B-00C04F79EFBC}") = "作业_Lesson21", "作业_Lesson21\作业_Lesson21.csproj", "{CC3148A0-0EE9-40F6-99A0-6A3AEA3FB688}"
EndProject
Project("{FAE04EC0-301F-11D3-BF4B-00C04F79EFBC}") = "Lesson22_面向对象相关_object万物之父中的方法", "Lesson22_面向对象相关_object万物之父中的方法\Lesson22_面向对象相关_object万物之父中的方法.csproj", "{821FE87A-A4B1-418E-9FFD-3F507F2DA23C}"
EndProject
Project("{FAE04EC0-301F-11D3-BF4B-00C04F79EFBC}") = "作业_Lesson22", "作业_Lesson22\作业_Lesson22.csproj", "{EA188B60-65FB-4BC5-AC4D-F02B9104FFBE}"
EndProject
Project("{FAE04EC0-301F-11D3-BF4B-00C04F79EFBC}") = "Lesson23_面向对象相关_string", "Lesson23_面向对象相关_string\Lesson23_面向对象相关_string.csproj", "{D0756A94-4A7D-4317-96D2-132855CCF36C}"
EndProject
Project("{FAE04EC0-301F-11D3-BF4B-00C04F79EFBC}") = "作业_Lesson23", "作业_Lesson23\作业_Lesson23.csproj", "{B601A79E-9911-4F49-AF50-EC5069B8139A}"
EndProject
Global
	GlobalSection(SolutionConfigurationPlatforms) = preSolution
		Debug|Any CPU = Debug|Any CPU
		Debug|x86 = Debug|x86
		Release|Any CPU = Release|Any CPU
		Release|x86 = Release|x86
	EndGlobalSection
	GlobalSection(ProjectConfigurationPlatforms) = postSolution
		{2C8A577C-9FE4-46BA-9D0C-240DBDCDD774}.Debug|Any CPU.ActiveCfg = Debug|Any CPU
		{2C8A577C-9FE4-46BA-9D0C-240DBDCDD774}.Debug|Any CPU.Build.0 = Debug|Any CPU
		{2C8A577C-9FE4-46BA-9D0C-240DBDCDD774}.Debug|x86.ActiveCfg = Debug|Any CPU
		{2C8A577C-9FE4-46BA-9D0C-240DBDCDD774}.Debug|x86.Build.0 = Debug|Any CPU
		{2C8A577C-9FE4-46BA-9D0C-240DBDCDD774}.Release|Any CPU.ActiveCfg = Release|Any CPU
		{2C8A577C-9FE4-46BA-9D0C-240DBDCDD774}.Release|Any CPU.Build.0 = Release|Any CPU
		{2C8A577C-9FE4-46BA-9D0C-240DBDCDD774}.Release|x86.ActiveCfg = Release|Any CPU
		{2C8A577C-9FE4-46BA-9D0C-240DBDCDD774}.Release|x86.Build.0 = Release|Any CPU
		{9B916D12-2F15-430E-84BF-E8E3D2A7062E}.Debug|Any CPU.ActiveCfg = Debug|Any CPU
		{9B916D12-2F15-430E-84BF-E8E3D2A7062E}.Debug|Any CPU.Build.0 = Debug|Any CPU
		{9B916D12-2F15-430E-84BF-E8E3D2A7062E}.Debug|x86.ActiveCfg = Debug|Any CPU
		{9B916D12-2F15-430E-84BF-E8E3D2A7062E}.Debug|x86.Build.0 = Debug|Any CPU
		{9B916D12-2F15-430E-84BF-E8E3D2A7062E}.Release|Any CPU.ActiveCfg = Release|Any CPU
		{9B916D12-2F15-430E-84BF-E8E3D2A7062E}.Release|Any CPU.Build.0 = Release|Any CPU
		{9B916D12-2F15-430E-84BF-E8E3D2A7062E}.Release|x86.ActiveCfg = Release|Any CPU
		{9B916D12-2F15-430E-84BF-E8E3D2A7062E}.Release|x86.Build.0 = Release|Any CPU
		{732F88B6-39D4-433F-AC0C-9546F09B1968}.Debug|Any CPU.ActiveCfg = Debug|Any CPU
		{732F88B6-39D4-433F-AC0C-9546F09B1968}.Debug|Any CPU.Build.0 = Debug|Any CPU
		{732F88B6-39D4-433F-AC0C-9546F09B1968}.Debug|x86.ActiveCfg = Debug|Any CPU
		{732F88B6-39D4-433F-AC0C-9546F09B1968}.Debug|x86.Build.0 = Debug|Any CPU
		{732F88B6-39D4-433F-AC0C-9546F09B1968}.Release|Any CPU.ActiveCfg = Release|Any CPU
		{732F88B6-39D4-433F-AC0C-9546F09B1968}.Release|Any CPU.Build.0 = Release|Any CPU
		{732F88B6-39D4-433F-AC0C-9546F09B1968}.Release|x86.ActiveCfg = Release|Any CPU
		{732F88B6-39D4-433F-AC0C-9546F09B1968}.Release|x86.Build.0 = Release|Any CPU
		{BA659652-1882-4AAA-8965-3D8234CF93DC}.Debug|Any CPU.ActiveCfg = Debug|Any CPU
		{BA659652-1882-4AAA-8965-3D8234CF93DC}.Debug|Any CPU.Build.0 = Debug|Any CPU
		{BA659652-1882-4AAA-8965-3D8234CF93DC}.Debug|x86.ActiveCfg = Debug|Any CPU
		{BA659652-1882-4AAA-8965-3D8234CF93DC}.Debug|x86.Build.0 = Debug|Any CPU
		{BA659652-1882-4AAA-8965-3D8234CF93DC}.Release|Any CPU.ActiveCfg = Release|Any CPU
		{BA659652-1882-4AAA-8965-3D8234CF93DC}.Release|Any CPU.Build.0 = Release|Any CPU
		{BA659652-1882-4AAA-8965-3D8234CF93DC}.Release|x86.ActiveCfg = Release|Any CPU
		{BA659652-1882-4AAA-8965-3D8234CF93DC}.Release|x86.Build.0 = Release|Any CPU
		{65F61038-4F95-4B5C-9AF9-202AF9652540}.Debug|Any CPU.ActiveCfg = Debug|Any CPU
		{65F61038-4F95-4B5C-9AF9-202AF9652540}.Debug|Any CPU.Build.0 = Debug|Any CPU
		{65F61038-4F95-4B5C-9AF9-202AF9652540}.Debug|x86.ActiveCfg = Debug|Any CPU
		{65F61038-4F95-4B5C-9AF9-202AF9652540}.Debug|x86.Build.0 = Debug|Any CPU
		{65F61038-4F95-4B5C-9AF9-202AF9652540}.Release|Any CPU.ActiveCfg = Release|Any CPU
		{65F61038-4F95-4B5C-9AF9-202AF9652540}.Release|Any CPU.Build.0 = Release|Any CPU
		{65F61038-4F95-4B5C-9AF9-202AF9652540}.Release|x86.ActiveCfg = Release|Any CPU
		{65F61038-4F95-4B5C-9AF9-202AF9652540}.Release|x86.Build.0 = Release|Any CPU
		{A5E8C331-D0D3-4D8F-BD23-2485C19BECEE}.Debug|Any CPU.ActiveCfg = Debug|Any CPU
		{A5E8C331-D0D3-4D8F-BD23-2485C19BECEE}.Debug|Any CPU.Build.0 = Debug|Any CPU
		{A5E8C331-D0D3-4D8F-BD23-2485C19BECEE}.Debug|x86.ActiveCfg = Debug|Any CPU
		{A5E8C331-D0D3-4D8F-BD23-2485C19BECEE}.Debug|x86.Build.0 = Debug|Any CPU
		{A5E8C331-D0D3-4D8F-BD23-2485C19BECEE}.Release|Any CPU.ActiveCfg = Release|Any CPU
		{A5E8C331-D0D3-4D8F-BD23-2485C19BECEE}.Release|Any CPU.Build.0 = Release|Any CPU
		{A5E8C331-D0D3-4D8F-BD23-2485C19BECEE}.Release|x86.ActiveCfg = Release|Any CPU
		{A5E8C331-D0D3-4D8F-BD23-2485C19BECEE}.Release|x86.Build.0 = Release|Any CPU
		{14EE1310-FDC1-47A2-BC36-B72B5D413EF9}.Debug|Any CPU.ActiveCfg = Debug|Any CPU
		{14EE1310-FDC1-47A2-BC36-B72B5D413EF9}.Debug|Any CPU.Build.0 = Debug|Any CPU
		{14EE1310-FDC1-47A2-BC36-B72B5D413EF9}.Debug|x86.ActiveCfg = Debug|Any CPU
		{14EE1310-FDC1-47A2-BC36-B72B5D413EF9}.Debug|x86.Build.0 = Debug|Any CPU
		{14EE1310-FDC1-47A2-BC36-B72B5D413EF9}.Release|Any CPU.ActiveCfg = Release|Any CPU
		{14EE1310-FDC1-47A2-BC36-B72B5D413EF9}.Release|Any CPU.Build.0 = Release|Any CPU
		{14EE1310-FDC1-47A2-BC36-B72B5D413EF9}.Release|x86.ActiveCfg = Release|Any CPU
		{14EE1310-FDC1-47A2-BC36-B72B5D413EF9}.Release|x86.Build.0 = Release|Any CPU
		{1CA86C04-8FB0-461A-B0A7-6C4D24815982}.Debug|Any CPU.ActiveCfg = Debug|Any CPU
		{1CA86C04-8FB0-461A-B0A7-6C4D24815982}.Debug|Any CPU.Build.0 = Debug|Any CPU
		{1CA86C04-8FB0-461A-B0A7-6C4D24815982}.Debug|x86.ActiveCfg = Debug|Any CPU
		{1CA86C04-8FB0-461A-B0A7-6C4D24815982}.Debug|x86.Build.0 = Debug|Any CPU
		{1CA86C04-8FB0-461A-B0A7-6C4D24815982}.Release|Any CPU.ActiveCfg = Release|Any CPU
		{1CA86C04-8FB0-461A-B0A7-6C4D24815982}.Release|Any CPU.Build.0 = Release|Any CPU
		{1CA86C04-8FB0-461A-B0A7-6C4D24815982}.Release|x86.ActiveCfg = Release|Any CPU
		{1CA86C04-8FB0-461A-B0A7-6C4D24815982}.Release|x86.Build.0 = Release|Any CPU
		{31866D28-0A48-409F-B194-A23DDA6444CA}.Debug|Any CPU.ActiveCfg = Debug|Any CPU
		{31866D28-0A48-409F-B194-A23DDA6444CA}.Debug|Any CPU.Build.0 = Debug|Any CPU
		{31866D28-0A48-409F-B194-A23DDA6444CA}.Debug|x86.ActiveCfg = Debug|Any CPU
		{31866D28-0A48-409F-B194-A23DDA6444CA}.Debug|x86.Build.0 = Debug|Any CPU
		{31866D28-0A48-409F-B194-A23DDA6444CA}.Release|Any CPU.ActiveCfg = Release|Any CPU
		{31866D28-0A48-409F-B194-A23DDA6444CA}.Release|Any CPU.Build.0 = Release|Any CPU
		{31866D28-0A48-409F-B194-A23DDA6444CA}.Release|x86.ActiveCfg = Release|Any CPU
		{31866D28-0A48-409F-B194-A23DDA6444CA}.Release|x86.Build.0 = Release|Any CPU
		{5C62B854-CE2F-4887-B44C-FA024A4E52F9}.Debug|Any CPU.ActiveCfg = Debug|Any CPU
		{5C62B854-CE2F-4887-B44C-FA024A4E52F9}.Debug|Any CPU.Build.0 = Debug|Any CPU
		{5C62B854-CE2F-4887-B44C-FA024A4E52F9}.Debug|x86.ActiveCfg = Debug|Any CPU
		{5C62B854-CE2F-4887-B44C-FA024A4E52F9}.Debug|x86.Build.0 = Debug|Any CPU
		{5C62B854-CE2F-4887-B44C-FA024A4E52F9}.Release|Any CPU.ActiveCfg = Release|Any CPU
		{5C62B854-CE2F-4887-B44C-FA024A4E52F9}.Release|Any CPU.Build.0 = Release|Any CPU
		{5C62B854-CE2F-4887-B44C-FA024A4E52F9}.Release|x86.ActiveCfg = Release|Any CPU
		{5C62B854-CE2F-4887-B44C-FA024A4E52F9}.Release|x86.Build.0 = Release|Any CPU
		{28170F74-1B58-4714-A354-BDDEAFECB65A}.Debug|Any CPU.ActiveCfg = Debug|Any CPU
		{28170F74-1B58-4714-A354-BDDEAFECB65A}.Debug|Any CPU.Build.0 = Debug|Any CPU
		{28170F74-1B58-4714-A354-BDDEAFECB65A}.Debug|x86.ActiveCfg = Debug|Any CPU
		{28170F74-1B58-4714-A354-BDDEAFECB65A}.Debug|x86.Build.0 = Debug|Any CPU
		{28170F74-1B58-4714-A354-BDDEAFECB65A}.Release|Any CPU.ActiveCfg = Release|Any CPU
		{28170F74-1B58-4714-A354-BDDEAFECB65A}.Release|Any CPU.Build.0 = Release|Any CPU
		{28170F74-1B58-4714-A354-BDDEAFECB65A}.Release|x86.ActiveCfg = Release|Any CPU
		{28170F74-1B58-4714-A354-BDDEAFECB65A}.Release|x86.Build.0 = Release|Any CPU
		{883E68CE-0FCE-4285-AE7F-DD3C67863629}.Debug|Any CPU.ActiveCfg = Debug|Any CPU
		{883E68CE-0FCE-4285-AE7F-DD3C67863629}.Debug|Any CPU.Build.0 = Debug|Any CPU
		{883E68CE-0FCE-4285-AE7F-DD3C67863629}.Debug|x86.ActiveCfg = Debug|Any CPU
		{883E68CE-0FCE-4285-AE7F-DD3C67863629}.Debug|x86.Build.0 = Debug|Any CPU
		{883E68CE-0FCE-4285-AE7F-DD3C67863629}.Release|Any CPU.ActiveCfg = Release|Any CPU
		{883E68CE-0FCE-4285-AE7F-DD3C67863629}.Release|Any CPU.Build.0 = Release|Any CPU
		{883E68CE-0FCE-4285-AE7F-DD3C67863629}.Release|x86.ActiveCfg = Release|Any CPU
		{883E68CE-0FCE-4285-AE7F-DD3C67863629}.Release|x86.Build.0 = Release|Any CPU
		{F00BD8DC-1C73-46F9-B83D-6801DF960060}.Debug|Any CPU.ActiveCfg = Debug|Any CPU
		{F00BD8DC-1C73-46F9-B83D-6801DF960060}.Debug|Any CPU.Build.0 = Debug|Any CPU
		{F00BD8DC-1C73-46F9-B83D-6801DF960060}.Debug|x86.ActiveCfg = Debug|Any CPU
		{F00BD8DC-1C73-46F9-B83D-6801DF960060}.Debug|x86.Build.0 = Debug|Any CPU
		{F00BD8DC-1C73-46F9-B83D-6801DF960060}.Release|Any CPU.ActiveCfg = Release|Any CPU
		{F00BD8DC-1C73-46F9-B83D-6801DF960060}.Release|Any CPU.Build.0 = Release|Any CPU
		{F00BD8DC-1C73-46F9-B83D-6801DF960060}.Release|x86.ActiveCfg = Release|Any CPU
		{F00BD8DC-1C73-46F9-B83D-6801DF960060}.Release|x86.Build.0 = Release|Any CPU
		{7DEF2D28-9A4A-48C8-8470-B0C0C1FC0E1C}.Debug|Any CPU.ActiveCfg = Debug|Any CPU
		{7DEF2D28-9A4A-48C8-8470-B0C0C1FC0E1C}.Debug|Any CPU.Build.0 = Debug|Any CPU
		{7DEF2D28-9A4A-48C8-8470-B0C0C1FC0E1C}.Debug|x86.ActiveCfg = Debug|Any CPU
		{7DEF2D28-9A4A-48C8-8470-B0C0C1FC0E1C}.Debug|x86.Build.0 = Debug|Any CPU
		{7DEF2D28-9A4A-48C8-8470-B0C0C1FC0E1C}.Release|Any CPU.ActiveCfg = Release|Any CPU
		{7DEF2D28-9A4A-48C8-8470-B0C0C1FC0E1C}.Release|Any CPU.Build.0 = Release|Any CPU
		{7DEF2D28-9A4A-48C8-8470-B0C0C1FC0E1C}.Release|x86.ActiveCfg = Release|Any CPU
		{7DEF2D28-9A4A-48C8-8470-B0C0C1FC0E1C}.Release|x86.Build.0 = Release|Any CPU
		{3E7E8CD6-F953-495E-9B07-FA58BB0355B6}.Debug|Any CPU.ActiveCfg = Debug|Any CPU
		{3E7E8CD6-F953-495E-9B07-FA58BB0355B6}.Debug|Any CPU.Build.0 = Debug|Any CPU
		{3E7E8CD6-F953-495E-9B07-FA58BB0355B6}.Debug|x86.ActiveCfg = Debug|Any CPU
		{3E7E8CD6-F953-495E-9B07-FA58BB0355B6}.Debug|x86.Build.0 = Debug|Any CPU
		{3E7E8CD6-F953-495E-9B07-FA58BB0355B6}.Release|Any CPU.ActiveCfg = Release|Any CPU
		{3E7E8CD6-F953-495E-9B07-FA58BB0355B6}.Release|Any CPU.Build.0 = Release|Any CPU
		{3E7E8CD6-F953-495E-9B07-FA58BB0355B6}.Release|x86.ActiveCfg = Release|Any CPU
		{3E7E8CD6-F953-495E-9B07-FA58BB0355B6}.Release|x86.Build.0 = Release|Any CPU
		{6FF44DA5-17EF-45C7-BB9C-51FF5DBB6F5A}.Debug|Any CPU.ActiveCfg = Debug|Any CPU
		{6FF44DA5-17EF-45C7-BB9C-51FF5DBB6F5A}.Debug|Any CPU.Build.0 = Debug|Any CPU
		{6FF44DA5-17EF-45C7-BB9C-51FF5DBB6F5A}.Debug|x86.ActiveCfg = Debug|Any CPU
		{6FF44DA5-17EF-45C7-BB9C-51FF5DBB6F5A}.Debug|x86.Build.0 = Debug|Any CPU
		{6FF44DA5-17EF-45C7-BB9C-51FF5DBB6F5A}.Release|Any CPU.ActiveCfg = Release|Any CPU
		{6FF44DA5-17EF-45C7-BB9C-51FF5DBB6F5A}.Release|Any CPU.Build.0 = Release|Any CPU
		{6FF44DA5-17EF-45C7-BB9C-51FF5DBB6F5A}.Release|x86.ActiveCfg = Release|Any CPU
		{6FF44DA5-17EF-45C7-BB9C-51FF5DBB6F5A}.Release|x86.Build.0 = Release|Any CPU
		{9418D4B9-CE5F-4D90-9D52-C44EB91CD503}.Debug|Any CPU.ActiveCfg = Debug|Any CPU
		{9418D4B9-CE5F-4D90-9D52-C44EB91CD503}.Debug|Any CPU.Build.0 = Debug|Any CPU
		{9418D4B9-CE5F-4D90-9D52-C44EB91CD503}.Debug|x86.ActiveCfg = Debug|Any CPU
		{9418D4B9-CE5F-4D90-9D52-C44EB91CD503}.Debug|x86.Build.0 = Debug|Any CPU
		{9418D4B9-CE5F-4D90-9D52-C44EB91CD503}.Release|Any CPU.ActiveCfg = Release|Any CPU
		{9418D4B9-CE5F-4D90-9D52-C44EB91CD503}.Release|Any CPU.Build.0 = Release|Any CPU
		{9418D4B9-CE5F-4D90-9D52-C44EB91CD503}.Release|x86.ActiveCfg = Release|Any CPU
		{9418D4B9-CE5F-4D90-9D52-C44EB91CD503}.Release|x86.Build.0 = Release|Any CPU
		{89F81C08-EA50-481A-9E9D-8E184AA1C067}.Debug|Any CPU.ActiveCfg = Debug|Any CPU
		{89F81C08-EA50-481A-9E9D-8E184AA1C067}.Debug|Any CPU.Build.0 = Debug|Any CPU
		{89F81C08-EA50-481A-9E9D-8E184AA1C067}.Debug|x86.ActiveCfg = Debug|Any CPU
		{89F81C08-EA50-481A-9E9D-8E184AA1C067}.Debug|x86.Build.0 = Debug|Any CPU
		{89F81C08-EA50-481A-9E9D-8E184AA1C067}.Release|Any CPU.ActiveCfg = Release|Any CPU
		{89F81C08-EA50-481A-9E9D-8E184AA1C067}.Release|Any CPU.Build.0 = Release|Any CPU
		{89F81C08-EA50-481A-9E9D-8E184AA1C067}.Release|x86.ActiveCfg = Release|Any CPU
		{89F81C08-EA50-481A-9E9D-8E184AA1C067}.Release|x86.Build.0 = Release|Any CPU
		{787FEC43-8EAE-42C4-86C8-10FC8A9D33FD}.Debug|Any CPU.ActiveCfg = Debug|Any CPU
		{787FEC43-8EAE-42C4-86C8-10FC8A9D33FD}.Debug|Any CPU.Build.0 = Debug|Any CPU
		{787FEC43-8EAE-42C4-86C8-10FC8A9D33FD}.Debug|x86.ActiveCfg = Debug|Any CPU
		{787FEC43-8EAE-42C4-86C8-10FC8A9D33FD}.Debug|x86.Build.0 = Debug|Any CPU
		{787FEC43-8EAE-42C4-86C8-10FC8A9D33FD}.Release|Any CPU.ActiveCfg = Release|Any CPU
		{787FEC43-8EAE-42C4-86C8-10FC8A9D33FD}.Release|Any CPU.Build.0 = Release|Any CPU
		{787FEC43-8EAE-42C4-86C8-10FC8A9D33FD}.Release|x86.ActiveCfg = Release|Any CPU
		{787FEC43-8EAE-42C4-86C8-10FC8A9D33FD}.Release|x86.Build.0 = Release|Any CPU
		{F39CEE6A-29C9-4524-ACC4-FFFFA4DBE087}.Debug|Any CPU.ActiveCfg = Debug|Any CPU
		{F39CEE6A-29C9-4524-ACC4-FFFFA4DBE087}.Debug|Any CPU.Build.0 = Debug|Any CPU
		{F39CEE6A-29C9-4524-ACC4-FFFFA4DBE087}.Debug|x86.ActiveCfg = Debug|Any CPU
		{F39CEE6A-29C9-4524-ACC4-FFFFA4DBE087}.Debug|x86.Build.0 = Debug|Any CPU
		{F39CEE6A-29C9-4524-ACC4-FFFFA4DBE087}.Release|Any CPU.ActiveCfg = Release|Any CPU
		{F39CEE6A-29C9-4524-ACC4-FFFFA4DBE087}.Release|Any CPU.Build.0 = Release|Any CPU
		{F39CEE6A-29C9-4524-ACC4-FFFFA4DBE087}.Release|x86.ActiveCfg = Release|Any CPU
		{F39CEE6A-29C9-4524-ACC4-FFFFA4DBE087}.Release|x86.Build.0 = Release|Any CPU
		{4C8CD385-CEDB-417C-9BED-4BBCD6494927}.Debug|Any CPU.ActiveCfg = Debug|Any CPU
		{4C8CD385-CEDB-417C-9BED-4BBCD6494927}.Debug|Any CPU.Build.0 = Debug|Any CPU
		{4C8CD385-CEDB-417C-9BED-4BBCD6494927}.Debug|x86.ActiveCfg = Debug|Any CPU
		{4C8CD385-CEDB-417C-9BED-4BBCD6494927}.Debug|x86.Build.0 = Debug|Any CPU
		{4C8CD385-CEDB-417C-9BED-4BBCD6494927}.Release|Any CPU.ActiveCfg = Release|Any CPU
		{4C8CD385-CEDB-417C-9BED-4BBCD6494927}.Release|Any CPU.Build.0 = Release|Any CPU
		{4C8CD385-CEDB-417C-9BED-4BBCD6494927}.Release|x86.ActiveCfg = Release|Any CPU
		{4C8CD385-CEDB-417C-9BED-4BBCD6494927}.Release|x86.Build.0 = Release|Any CPU
		{B66A0C80-E65A-4720-BBED-8197DF85EA0E}.Debug|Any CPU.ActiveCfg = Debug|Any CPU
		{B66A0C80-E65A-4720-BBED-8197DF85EA0E}.Debug|Any CPU.Build.0 = Debug|Any CPU
		{B66A0C80-E65A-4720-BBED-8197DF85EA0E}.Debug|x86.ActiveCfg = Debug|Any CPU
		{B66A0C80-E65A-4720-BBED-8197DF85EA0E}.Debug|x86.Build.0 = Debug|Any CPU
		{B66A0C80-E65A-4720-BBED-8197DF85EA0E}.Release|Any CPU.ActiveCfg = Release|Any CPU
		{B66A0C80-E65A-4720-BBED-8197DF85EA0E}.Release|Any CPU.Build.0 = Release|Any CPU
		{B66A0C80-E65A-4720-BBED-8197DF85EA0E}.Release|x86.ActiveCfg = Release|Any CPU
		{B66A0C80-E65A-4720-BBED-8197DF85EA0E}.Release|x86.Build.0 = Release|Any CPU
		{07EF6CCE-E934-46C2-82E0-9D6B6E72208E}.Debug|Any CPU.ActiveCfg = Debug|Any CPU
		{07EF6CCE-E934-46C2-82E0-9D6B6E72208E}.Debug|Any CPU.Build.0 = Debug|Any CPU
		{07EF6CCE-E934-46C2-82E0-9D6B6E72208E}.Debug|x86.ActiveCfg = Debug|Any CPU
		{07EF6CCE-E934-46C2-82E0-9D6B6E72208E}.Debug|x86.Build.0 = Debug|Any CPU
		{07EF6CCE-E934-46C2-82E0-9D6B6E72208E}.Release|Any CPU.ActiveCfg = Release|Any CPU
		{07EF6CCE-E934-46C2-82E0-9D6B6E72208E}.Release|Any CPU.Build.0 = Release|Any CPU
		{07EF6CCE-E934-46C2-82E0-9D6B6E72208E}.Release|x86.ActiveCfg = Release|Any CPU
		{07EF6CCE-E934-46C2-82E0-9D6B6E72208E}.Release|x86.Build.0 = Release|Any CPU
		{FC043A3D-551D-407F-9B04-3A043DB374E5}.Debug|Any CPU.ActiveCfg = Debug|Any CPU
		{FC043A3D-551D-407F-9B04-3A043DB374E5}.Debug|Any CPU.Build.0 = Debug|Any CPU
		{FC043A3D-551D-407F-9B04-3A043DB374E5}.Debug|x86.ActiveCfg = Debug|Any CPU
		{FC043A3D-551D-407F-9B04-3A043DB374E5}.Debug|x86.Build.0 = Debug|Any CPU
		{FC043A3D-551D-407F-9B04-3A043DB374E5}.Release|Any CPU.ActiveCfg = Release|Any CPU
		{FC043A3D-551D-407F-9B04-3A043DB374E5}.Release|Any CPU.Build.0 = Release|Any CPU
		{FC043A3D-551D-407F-9B04-3A043DB374E5}.Release|x86.ActiveCfg = Release|Any CPU
		{FC043A3D-551D-407F-9B04-3A043DB374E5}.Release|x86.Build.0 = Release|Any CPU
		{CD471E46-51C4-47E8-877B-9362688FF921}.Debug|Any CPU.ActiveCfg = Debug|Any CPU
		{CD471E46-51C4-47E8-877B-9362688FF921}.Debug|Any CPU.Build.0 = Debug|Any CPU
		{CD471E46-51C4-47E8-877B-9362688FF921}.Debug|x86.ActiveCfg = Debug|Any CPU
		{CD471E46-51C4-47E8-877B-9362688FF921}.Debug|x86.Build.0 = Debug|Any CPU
		{CD471E46-51C4-47E8-877B-9362688FF921}.Release|Any CPU.ActiveCfg = Release|Any CPU
		{CD471E46-51C4-47E8-877B-9362688FF921}.Release|Any CPU.Build.0 = Release|Any CPU
		{CD471E46-51C4-47E8-877B-9362688FF921}.Release|x86.ActiveCfg = Release|Any CPU
		{CD471E46-51C4-47E8-877B-9362688FF921}.Release|x86.Build.0 = Release|Any CPU
		{CA6DAEA6-09A5-4A81-924A-2AB32C04B73D}.Debug|Any CPU.ActiveCfg = Debug|Any CPU
		{CA6DAEA6-09A5-4A81-924A-2AB32C04B73D}.Debug|Any CPU.Build.0 = Debug|Any CPU
		{CA6DAEA6-09A5-4A81-924A-2AB32C04B73D}.Debug|x86.ActiveCfg = Debug|Any CPU
		{CA6DAEA6-09A5-4A81-924A-2AB32C04B73D}.Debug|x86.Build.0 = Debug|Any CPU
		{CA6DAEA6-09A5-4A81-924A-2AB32C04B73D}.Release|Any CPU.ActiveCfg = Release|Any CPU
		{CA6DAEA6-09A5-4A81-924A-2AB32C04B73D}.Release|Any CPU.Build.0 = Release|Any CPU
		{CA6DAEA6-09A5-4A81-924A-2AB32C04B73D}.Release|x86.ActiveCfg = Release|Any CPU
		{CA6DAEA6-09A5-4A81-924A-2AB32C04B73D}.Release|x86.Build.0 = Release|Any CPU
		{2BCBCADF-00AD-445F-A6AF-D2E17CF74C4F}.Debug|Any CPU.ActiveCfg = Debug|Any CPU
		{2BCBCADF-00AD-445F-A6AF-D2E17CF74C4F}.Debug|Any CPU.Build.0 = Debug|Any CPU
		{2BCBCADF-00AD-445F-A6AF-D2E17CF74C4F}.Debug|x86.ActiveCfg = Debug|Any CPU
		{2BCBCADF-00AD-445F-A6AF-D2E17CF74C4F}.Debug|x86.Build.0 = Debug|Any CPU
		{2BCBCADF-00AD-445F-A6AF-D2E17CF74C4F}.Release|Any CPU.ActiveCfg = Release|Any CPU
		{2BCBCADF-00AD-445F-A6AF-D2E17CF74C4F}.Release|Any CPU.Build.0 = Release|Any CPU
		{2BCBCADF-00AD-445F-A6AF-D2E17CF74C4F}.Release|x86.ActiveCfg = Release|Any CPU
		{2BCBCADF-00AD-445F-A6AF-D2E17CF74C4F}.Release|x86.Build.0 = Release|Any CPU
		{F56A8B4F-7961-42A0-A543-2BB0D0DD6067}.Debug|Any CPU.ActiveCfg = Debug|Any CPU
		{F56A8B4F-7961-42A0-A543-2BB0D0DD6067}.Debug|Any CPU.Build.0 = Debug|Any CPU
		{F56A8B4F-7961-42A0-A543-2BB0D0DD6067}.Debug|x86.ActiveCfg = Debug|Any CPU
		{F56A8B4F-7961-42A0-A543-2BB0D0DD6067}.Debug|x86.Build.0 = Debug|Any CPU
		{F56A8B4F-7961-42A0-A543-2BB0D0DD6067}.Release|Any CPU.ActiveCfg = Release|Any CPU
		{F56A8B4F-7961-42A0-A543-2BB0D0DD6067}.Release|Any CPU.Build.0 = Release|Any CPU
		{F56A8B4F-7961-42A0-A543-2BB0D0DD6067}.Release|x86.ActiveCfg = Release|Any CPU
		{F56A8B4F-7961-42A0-A543-2BB0D0DD6067}.Release|x86.Build.0 = Release|Any CPU
		{6253B497-AB88-487D-A044-38B52AE0A164}.Debug|Any CPU.ActiveCfg = Debug|Any CPU
		{6253B497-AB88-487D-A044-38B52AE0A164}.Debug|Any CPU.Build.0 = Debug|Any CPU
		{6253B497-AB88-487D-A044-38B52AE0A164}.Debug|x86.ActiveCfg = Debug|Any CPU
		{6253B497-AB88-487D-A044-38B52AE0A164}.Debug|x86.Build.0 = Debug|Any CPU
		{6253B497-AB88-487D-A044-38B52AE0A164}.Release|Any CPU.ActiveCfg = Release|Any CPU
		{6253B497-AB88-487D-A044-38B52AE0A164}.Release|Any CPU.Build.0 = Release|Any CPU
		{6253B497-AB88-487D-A044-38B52AE0A164}.Release|x86.ActiveCfg = Release|Any CPU
		{6253B497-AB88-487D-A044-38B52AE0A164}.Release|x86.Build.0 = Release|Any CPU
		{9DE7161F-5302-46CA-8530-17EB32957097}.Debug|Any CPU.ActiveCfg = Debug|Any CPU
		{9DE7161F-5302-46CA-8530-17EB32957097}.Debug|Any CPU.Build.0 = Debug|Any CPU
		{9DE7161F-5302-46CA-8530-17EB32957097}.Debug|x86.ActiveCfg = Debug|Any CPU
		{9DE7161F-5302-46CA-8530-17EB32957097}.Debug|x86.Build.0 = Debug|Any CPU
		{9DE7161F-5302-46CA-8530-17EB32957097}.Release|Any CPU.ActiveCfg = Release|Any CPU
		{9DE7161F-5302-46CA-8530-17EB32957097}.Release|Any CPU.Build.0 = Release|Any CPU
		{9DE7161F-5302-46CA-8530-17EB32957097}.Release|x86.ActiveCfg = Release|Any CPU
		{9DE7161F-5302-46CA-8530-17EB32957097}.Release|x86.Build.0 = Release|Any CPU
		{D5690BF4-26AE-462D-87D5-1BF57C86AED0}.Debug|Any CPU.ActiveCfg = Debug|Any CPU
		{D5690BF4-26AE-462D-87D5-1BF57C86AED0}.Debug|Any CPU.Build.0 = Debug|Any CPU
		{D5690BF4-26AE-462D-87D5-1BF57C86AED0}.Debug|x86.ActiveCfg = Debug|Any CPU
		{D5690BF4-26AE-462D-87D5-1BF57C86AED0}.Debug|x86.Build.0 = Debug|Any CPU
		{D5690BF4-26AE-462D-87D5-1BF57C86AED0}.Release|Any CPU.ActiveCfg = Release|Any CPU
		{D5690BF4-26AE-462D-87D5-1BF57C86AED0}.Release|Any CPU.Build.0 = Release|Any CPU
		{D5690BF4-26AE-462D-87D5-1BF57C86AED0}.Release|x86.ActiveCfg = Release|Any CPU
		{D5690BF4-26AE-462D-87D5-1BF57C86AED0}.Release|x86.Build.0 = Release|Any CPU
		{7CC4A26B-3E0A-49C1-AC64-C6B4C87D0A44}.Debug|Any CPU.ActiveCfg = Debug|Any CPU
		{7CC4A26B-3E0A-49C1-AC64-C6B4C87D0A44}.Debug|Any CPU.Build.0 = Debug|Any CPU
		{7CC4A26B-3E0A-49C1-AC64-C6B4C87D0A44}.Debug|x86.ActiveCfg = Debug|Any CPU
		{7CC4A26B-3E0A-49C1-AC64-C6B4C87D0A44}.Debug|x86.Build.0 = Debug|Any CPU
		{7CC4A26B-3E0A-49C1-AC64-C6B4C87D0A44}.Release|Any CPU.ActiveCfg = Release|Any CPU
		{7CC4A26B-3E0A-49C1-AC64-C6B4C87D0A44}.Release|Any CPU.Build.0 = Release|Any CPU
		{7CC4A26B-3E0A-49C1-AC64-C6B4C87D0A44}.Release|x86.ActiveCfg = Release|Any CPU
		{7CC4A26B-3E0A-49C1-AC64-C6B4C87D0A44}.Release|x86.Build.0 = Release|Any CPU
		{EA65C67A-6F5E-4823-A310-5A77EA69E22F}.Debug|Any CPU.ActiveCfg = Debug|Any CPU
		{EA65C67A-6F5E-4823-A310-5A77EA69E22F}.Debug|Any CPU.Build.0 = Debug|Any CPU
		{EA65C67A-6F5E-4823-A310-5A77EA69E22F}.Debug|x86.ActiveCfg = Debug|Any CPU
		{EA65C67A-6F5E-4823-A310-5A77EA69E22F}.Debug|x86.Build.0 = Debug|Any CPU
		{EA65C67A-6F5E-4823-A310-5A77EA69E22F}.Release|Any CPU.ActiveCfg = Release|Any CPU
		{EA65C67A-6F5E-4823-A310-5A77EA69E22F}.Release|Any CPU.Build.0 = Release|Any CPU
		{EA65C67A-6F5E-4823-A310-5A77EA69E22F}.Release|x86.ActiveCfg = Release|Any CPU
		{EA65C67A-6F5E-4823-A310-5A77EA69E22F}.Release|x86.Build.0 = Release|Any CPU
		{E2DDB95E-A501-4EBB-9BCE-64FE64CEF713}.Debug|Any CPU.ActiveCfg = Debug|Any CPU
		{E2DDB95E-A501-4EBB-9BCE-64FE64CEF713}.Debug|Any CPU.Build.0 = Debug|Any CPU
		{E2DDB95E-A501-4EBB-9BCE-64FE64CEF713}.Debug|x86.ActiveCfg = Debug|Any CPU
		{E2DDB95E-A501-4EBB-9BCE-64FE64CEF713}.Debug|x86.Build.0 = Debug|Any CPU
		{E2DDB95E-A501-4EBB-9BCE-64FE64CEF713}.Release|Any CPU.ActiveCfg = Release|Any CPU
		{E2DDB95E-A501-4EBB-9BCE-64FE64CEF713}.Release|Any CPU.Build.0 = Release|Any CPU
		{E2DDB95E-A501-4EBB-9BCE-64FE64CEF713}.Release|x86.ActiveCfg = Release|Any CPU
		{E2DDB95E-A501-4EBB-9BCE-64FE64CEF713}.Release|x86.Build.0 = Release|Any CPU
		{4B56A211-CD68-44C4-AB57-2383907DA44C}.Debug|Any CPU.ActiveCfg = Debug|Any CPU
		{4B56A211-CD68-44C4-AB57-2383907DA44C}.Debug|Any CPU.Build.0 = Debug|Any CPU
		{4B56A211-CD68-44C4-AB57-2383907DA44C}.Debug|x86.ActiveCfg = Debug|Any CPU
		{4B56A211-CD68-44C4-AB57-2383907DA44C}.Debug|x86.Build.0 = Debug|Any CPU
		{4B56A211-CD68-44C4-AB57-2383907DA44C}.Release|Any CPU.ActiveCfg = Release|Any CPU
		{4B56A211-CD68-44C4-AB57-2383907DA44C}.Release|Any CPU.Build.0 = Release|Any CPU
		{4B56A211-CD68-44C4-AB57-2383907DA44C}.Release|x86.ActiveCfg = Release|Any CPU
		{4B56A211-CD68-44C4-AB57-2383907DA44C}.Release|x86.Build.0 = Release|Any CPU
		{5F3C47D7-9C35-4A1C-8122-3CC1569E0C07}.Debug|Any CPU.ActiveCfg = Debug|Any CPU
		{5F3C47D7-9C35-4A1C-8122-3CC1569E0C07}.Debug|Any CPU.Build.0 = Debug|Any CPU
		{5F3C47D7-9C35-4A1C-8122-3CC1569E0C07}.Debug|x86.ActiveCfg = Debug|Any CPU
		{5F3C47D7-9C35-4A1C-8122-3CC1569E0C07}.Debug|x86.Build.0 = Debug|Any CPU
		{5F3C47D7-9C35-4A1C-8122-3CC1569E0C07}.Release|Any CPU.ActiveCfg = Release|Any CPU
		{5F3C47D7-9C35-4A1C-8122-3CC1569E0C07}.Release|Any CPU.Build.0 = Release|Any CPU
		{5F3C47D7-9C35-4A1C-8122-3CC1569E0C07}.Release|x86.ActiveCfg = Release|Any CPU
		{5F3C47D7-9C35-4A1C-8122-3CC1569E0C07}.Release|x86.Build.0 = Release|Any CPU
		{0C598D10-838C-4879-A762-5F6B7EB5ECC3}.Debug|Any CPU.ActiveCfg = Debug|Any CPU
		{0C598D10-838C-4879-A762-5F6B7EB5ECC3}.Debug|Any CPU.Build.0 = Debug|Any CPU
		{0C598D10-838C-4879-A762-5F6B7EB5ECC3}.Debug|x86.ActiveCfg = Debug|Any CPU
		{0C598D10-838C-4879-A762-5F6B7EB5ECC3}.Debug|x86.Build.0 = Debug|Any CPU
		{0C598D10-838C-4879-A762-5F6B7EB5ECC3}.Release|Any CPU.ActiveCfg = Release|Any CPU
		{0C598D10-838C-4879-A762-5F6B7EB5ECC3}.Release|Any CPU.Build.0 = Release|Any CPU
		{0C598D10-838C-4879-A762-5F6B7EB5ECC3}.Release|x86.ActiveCfg = Release|Any CPU
		{0C598D10-838C-4879-A762-5F6B7EB5ECC3}.Release|x86.Build.0 = Release|Any CPU
		{246C37DE-3F24-4FF7-9206-DBE87360525D}.Debug|Any CPU.ActiveCfg = Debug|Any CPU
		{246C37DE-3F24-4FF7-9206-DBE87360525D}.Debug|Any CPU.Build.0 = Debug|Any CPU
		{246C37DE-3F24-4FF7-9206-DBE87360525D}.Debug|x86.ActiveCfg = Debug|Any CPU
		{246C37DE-3F24-4FF7-9206-DBE87360525D}.Debug|x86.Build.0 = Debug|Any CPU
		{246C37DE-3F24-4FF7-9206-DBE87360525D}.Release|Any CPU.ActiveCfg = Release|Any CPU
		{246C37DE-3F24-4FF7-9206-DBE87360525D}.Release|Any CPU.Build.0 = Release|Any CPU
		{246C37DE-3F24-4FF7-9206-DBE87360525D}.Release|x86.ActiveCfg = Release|Any CPU
		{246C37DE-3F24-4FF7-9206-DBE87360525D}.Release|x86.Build.0 = Release|Any CPU
		{CC3148A0-0EE9-40F6-99A0-6A3AEA3FB688}.Debug|Any CPU.ActiveCfg = Debug|Any CPU
		{CC3148A0-0EE9-40F6-99A0-6A3AEA3FB688}.Debug|Any CPU.Build.0 = Debug|Any CPU
		{CC3148A0-0EE9-40F6-99A0-6A3AEA3FB688}.Debug|x86.ActiveCfg = Debug|Any CPU
		{CC3148A0-0EE9-40F6-99A0-6A3AEA3FB688}.Debug|x86.Build.0 = Debug|Any CPU
		{CC3148A0-0EE9-40F6-99A0-6A3AEA3FB688}.Release|Any CPU.ActiveCfg = Release|Any CPU
		{CC3148A0-0EE9-40F6-99A0-6A3AEA3FB688}.Release|Any CPU.Build.0 = Release|Any CPU
		{CC3148A0-0EE9-40F6-99A0-6A3AEA3FB688}.Release|x86.ActiveCfg = Release|Any CPU
		{CC3148A0-0EE9-40F6-99A0-6A3AEA3FB688}.Release|x86.Build.0 = Release|Any CPU
		{821FE87A-A4B1-418E-9FFD-3F507F2DA23C}.Debug|Any CPU.ActiveCfg = Debug|Any CPU
		{821FE87A-A4B1-418E-9FFD-3F507F2DA23C}.Debug|Any CPU.Build.0 = Debug|Any CPU
		{821FE87A-A4B1-418E-9FFD-3F507F2DA23C}.Debug|x86.ActiveCfg = Debug|Any CPU
		{821FE87A-A4B1-418E-9FFD-3F507F2DA23C}.Debug|x86.Build.0 = Debug|Any CPU
		{821FE87A-A4B1-418E-9FFD-3F507F2DA23C}.Release|Any CPU.ActiveCfg = Release|Any CPU
		{821FE87A-A4B1-418E-9FFD-3F507F2DA23C}.Release|Any CPU.Build.0 = Release|Any CPU
		{821FE87A-A4B1-418E-9FFD-3F507F2DA23C}.Release|x86.ActiveCfg = Release|Any CPU
		{821FE87A-A4B1-418E-9FFD-3F507F2DA23C}.Release|x86.Build.0 = Release|Any CPU
		{EA188B60-65FB-4BC5-AC4D-F02B9104FFBE}.Debug|Any CPU.ActiveCfg = Debug|Any CPU
		{EA188B60-65FB-4BC5-AC4D-F02B9104FFBE}.Debug|Any CPU.Build.0 = Debug|Any CPU
		{EA188B60-65FB-4BC5-AC4D-F02B9104FFBE}.Debug|x86.ActiveCfg = Debug|Any CPU
		{EA188B60-65FB-4BC5-AC4D-F02B9104FFBE}.Debug|x86.Build.0 = Debug|Any CPU
		{EA188B60-65FB-4BC5-AC4D-F02B9104FFBE}.Release|Any CPU.ActiveCfg = Release|Any CPU
		{EA188B60-65FB-4BC5-AC4D-F02B9104FFBE}.Release|Any CPU.Build.0 = Release|Any CPU
		{EA188B60-65FB-4BC5-AC4D-F02B9104FFBE}.Release|x86.ActiveCfg = Release|Any CPU
		{EA188B60-65FB-4BC5-AC4D-F02B9104FFBE}.Release|x86.Build.0 = Release|Any CPU
		{D0756A94-4A7D-4317-96D2-132855CCF36C}.Debug|Any CPU.ActiveCfg = Debug|Any CPU
		{D0756A94-4A7D-4317-96D2-132855CCF36C}.Debug|Any CPU.Build.0 = Debug|Any CPU
		{D0756A94-4A7D-4317-96D2-132855CCF36C}.Debug|x86.ActiveCfg = Debug|Any CPU
		{D0756A94-4A7D-4317-96D2-132855CCF36C}.Debug|x86.Build.0 = Debug|Any CPU
		{D0756A94-4A7D-4317-96D2-132855CCF36C}.Release|Any CPU.ActiveCfg = Release|Any CPU
		{D0756A94-4A7D-4317-96D2-132855CCF36C}.Release|Any CPU.Build.0 = Release|Any CPU
		{D0756A94-4A7D-4317-96D2-132855CCF36C}.Release|x86.ActiveCfg = Release|Any CPU
		{D0756A94-4A7D-4317-96D2-132855CCF36C}.Release|x86.Build.0 = Release|Any CPU
		{B601A79E-9911-4F49-AF50-EC5069B8139A}.Debug|Any CPU.ActiveCfg = Debug|Any CPU
		{B601A79E-9911-4F49-AF50-EC5069B8139A}.Debug|Any CPU.Build.0 = Debug|Any CPU
		{B601A79E-9911-4F49-AF50-EC5069B8139A}.Debug|x86.ActiveCfg = Debug|Any CPU
		{B601A79E-9911-4F49-AF50-EC5069B8139A}.Debug|x86.Build.0 = Debug|Any CPU
		{B601A79E-9911-4F49-AF50-EC5069B8139A}.Release|Any CPU.ActiveCfg = Release|Any CPU
		{B601A79E-9911-4F49-AF50-EC5069B8139A}.Release|Any CPU.Build.0 = Release|Any CPU
		{B601A79E-9911-4F49-AF50-EC5069B8139A}.Release|x86.ActiveCfg = Release|Any CPU
		{B601A79E-9911-4F49-AF50-EC5069B8139A}.Release|x86.Build.0 = Release|Any CPU
	EndGlobalSection
	GlobalSection(SolutionProperties) = preSolution
		HideSolutionNode = FALSE
	EndGlobalSection
	GlobalSection(ExtensibilityGlobals) = postSolution
		SolutionGuid = {609BC2E1-700E-4F69-8D81-2AEAF416AE47}
	EndGlobalSection
EndGlobal
