
Microsoft Visual Studio Solution File, Format Version 12.00
# Visual Studio Version 16
VisualStudioVersion = 16.0.33801.447
MinimumVisualStudioVersion = 10.0.40219.1
Project("{FAE04EC0-301F-11D3-BF4B-00C04F79EFBC}") = "测试项目", "测试项目\测试项目.csproj", "{5B69F373-F972-4686-9865-BA542F5CD735}"
EndProject
Project("{FAE04EC0-301F-11D3-BF4B-00C04F79EFBC}") = "Lesson1_输出和输入", "Lesson1_第一个应用程序\Lesson1_输出和输入.csproj", "{DDCC3088-A71A-49C6-93CB-EF3B0E5131BF}"
EndProject
Project("{FAE04EC0-301F-11D3-BF4B-00C04F79EFBC}") = "作业_Lesson1", "作业_Lesson1\作业_Lesson1.csproj", "{856B5C8A-7CC6-4D9C-8F62-48986F6359DF}"
EndProject
Project("{FAE04EC0-301F-11D3-BF4B-00C04F79EFBC}") = "Lesson2_变量", "Lesson2_变量\Lesson2_变量.csproj", "{940DABE9-5109-4B4B-80A2-F513488BCFA5}"
EndProject
Project("{FAE04EC0-301F-11D3-BF4B-00C04F79EFBC}") = "作业_Lesson2", "作业_Lesson2\作业_Lesson2.csproj", "{56B34B2B-E627-4514-8A30-566D6EF79BCB}"
EndProject
Project("{FAE04EC0-301F-11D3-BF4B-00C04F79EFBC}") = "Lesson3_变量的本质", "Lesson3_变量的本质\Lesson3_变量的本质.csproj", "{DDBFEC37-9C5F-4725-91C4-14CD4F69E43F}"
EndProject
Project("{FAE04EC0-301F-11D3-BF4B-00C04F79EFBC}") = "作业_Lesson3", "作业_Lesson3\作业_Lesson3.csproj", "{DA6304B1-BD2D-4DCA-9B03-92972B53A0E5}"
EndProject
Project("{FAE04EC0-301F-11D3-BF4B-00C04F79EFBC}") = "Lesson4_变量的命名规范", "Lesson4_变量的命名规范\Lesson4_变量的命名规范.csproj", "{7E677130-96DD-4C23-A41C-976C2A0E11D8}"
EndProject
Project("{FAE04EC0-301F-11D3-BF4B-00C04F79EFBC}") = "作业_Lesson4", "作业_Lesson4\作业_Lesson4.csproj", "{0B5A4B79-A0F5-4FA6-AF1A-0CA0F6C31493}"
EndProject
Project("{FAE04EC0-301F-11D3-BF4B-00C04F79EFBC}") = "Lesson5_常量", "Lesson5_常量\Lesson5_常量.csproj", "{1F3DB61A-AFA2-4DBF-A632-FB75A79D6BB3}"
EndProject
Project("{FAE04EC0-301F-11D3-BF4B-00C04F79EFBC}") = "作业_Lesson5", "作业_Lesson5\作业_Lesson5.csproj", "{F07912E6-93BF-40C3-84F6-EFEC57686125}"
EndProject
Project("{FAE04EC0-301F-11D3-BF4B-00C04F79EFBC}") = "Lesson6_转义字符", "Lesson6_转义字符\Lesson6_转义字符.csproj", "{2CBF972D-EACE-45B5-99B5-E883F963B3AF}"
EndProject
Project("{FAE04EC0-301F-11D3-BF4B-00C04F79EFBC}") = "作业_Lesson6", "作业_Lesson6\作业_Lesson6.csproj", "{F1DC27DF-B425-4AE8-B72E-453DDFF4F34F}"
EndProject
Project("{FAE04EC0-301F-11D3-BF4B-00C04F79EFBC}") = "Lesson7_类型转换之隐式转换", "Lesson7_类型转换之隐式转换\Lesson7_类型转换之隐式转换.csproj", "{1B7D15CC-FB9F-45DA-81E4-D24E7D77FFF5}"
EndProject
Project("{FAE04EC0-301F-11D3-BF4B-00C04F79EFBC}") = "作业_Lesson7", "作业_Lesson7\作业_Lesson7.csproj", "{B1AE21C7-F5C8-47B9-9768-70C99A922447}"
EndProject
Project("{FAE04EC0-301F-11D3-BF4B-00C04F79EFBC}") = "Lesson8_类型转换之显示转换", "Lesson8_类型转换之显示转换\Lesson8_类型转换之显示转换.csproj", "{1C65B49E-EBBB-4A44-BEF8-EE84EB6BC04B}"
EndProject
Project("{FAE04EC0-301F-11D3-BF4B-00C04F79EFBC}") = "作业_Lesson8", "作业_Lesson8\作业_Lesson8.csproj", "{02CE661B-74AD-4DF9-8B33-40C0CEE244EF}"
EndProject
Project("{FAE04EC0-301F-11D3-BF4B-00C04F79EFBC}") = "Lesson9_异常捕获", "Lesson9_异常捕获\Lesson9_异常捕获.csproj", "{F2A82AAB-F4C6-41AB-B860-00876CEF0AA2}"
EndProject
Project("{FAE04EC0-301F-11D3-BF4B-00C04F79EFBC}") = "作业_Lesson9", "作业_Lesson9\作业_Lesson9.csproj", "{84EAD694-F18B-4555-8666-11E67AAED9EE}"
EndProject
Project("{FAE04EC0-301F-11D3-BF4B-00C04F79EFBC}") = "Lesson10_运算符", "Lesson10_运算符\Lesson10_运算符.csproj", "{DF5C9F43-A795-4557-B436-A624AC4FA307}"
EndProject
Project("{FAE04EC0-301F-11D3-BF4B-00C04F79EFBC}") = "作业_Lesson10", "作业_Lesson10\作业_Lesson10.csproj", "{BCCD29E7-1028-4656-96D5-4AA28DBDB11D}"
EndProject
Project("{FAE04EC0-301F-11D3-BF4B-00C04F79EFBC}") = "Leeson11_字符串拼接", "Leeson11_字符串拼接\Leeson11_字符串拼接.csproj", "{52F87D54-12E3-4DC7-B642-1B3CD1EE902C}"
EndProject
Project("{FAE04EC0-301F-11D3-BF4B-00C04F79EFBC}") = "作业_Lesson11", "作业_Lesson11\作业_Lesson11.csproj", "{13EDC4F0-024D-4750-8EF1-F7093C40B723}"
EndProject
Project("{FAE04EC0-301F-11D3-BF4B-00C04F79EFBC}") = "Lesson12_条件运算符", "Lesson12_条件运算符\Lesson12_条件运算符.csproj", "{18D49127-1BEC-4A3D-87C1-AA8341B59782}"
EndProject
Project("{FAE04EC0-301F-11D3-BF4B-00C04F79EFBC}") = "作业_Lesson12", "作业_Lesson12\作业_Lesson12.csproj", "{03E9DF61-1A55-4D1F-ABDF-AA96EBEC83D5}"
EndProject
Project("{FAE04EC0-301F-11D3-BF4B-00C04F79EFBC}") = "Lesson13_逻辑运算符", "Lesson13_逻辑运算符\Lesson13_逻辑运算符.csproj", "{F0BC13A8-242F-4F1B-AF62-F7028870D4F8}"
EndProject
Project("{FAE04EC0-301F-11D3-BF4B-00C04F79EFBC}") = "作业_Lesson13", "作业_Lesson13\作业_Lesson13.csproj", "{9D214194-EE5C-4882-84F2-E9271C7230C3}"
EndProject
Project("{FAE04EC0-301F-11D3-BF4B-00C04F79EFBC}") = "Lesson14_位运算符", "Lesson14_位运算符\Lesson14_位运算符.csproj", "{04688B4B-2FE1-4E1C-AD1E-129C55CF3725}"
EndProject
Project("{FAE04EC0-301F-11D3-BF4B-00C04F79EFBC}") = "作业_Lesson14", "作业_Lesson14\作业_Lesson14.csproj", "{71C7E8E7-F129-4EE1-B826-406C7A0A4069}"
EndProject
Project("{FAE04EC0-301F-11D3-BF4B-00C04F79EFBC}") = "Lesson15_三目运算符", "Lesson15_三目运算符\Lesson15_三目运算符.csproj", "{90F3A0CE-05C9-4444-B6C7-4B712A558487}"
EndProject
Project("{FAE04EC0-301F-11D3-BF4B-00C04F79EFBC}") = "作业_Lesson15", "作业_Lesson15\作业_Lesson15.csproj", "{3E7C536A-F2CC-4B79-B455-E95055B26EFE}"
EndProject
Project("{FAE04EC0-301F-11D3-BF4B-00C04F79EFBC}") = "Lesson16_条件分支语句if", "Lesson16_条件分支语句if\Lesson16_条件分支语句if.csproj", "{6AAB34E4-CF49-44F9-AE46-BE962AF0AF39}"
EndProject
Project("{FAE04EC0-301F-11D3-BF4B-00C04F79EFBC}") = "作业_Lesson16", "作业_Lesson16\作业_Lesson16.csproj", "{5DFC4BD0-58EF-429E-832C-C5FD56DBA7D7}"
EndProject
Project("{FAE04EC0-301F-11D3-BF4B-00C04F79EFBC}") = "Lesson17_条件分支语句switch", "Lesson17_条件分支语句switch\Lesson17_条件分支语句switch.csproj", "{2F0BA632-43BE-48CC-8A94-76C75380E7A5}"
EndProject
Project("{FAE04EC0-301F-11D3-BF4B-00C04F79EFBC}") = "作业_Lesson17", "作业_Lesson17\作业_Lesson17.csproj", "{54CAF41D-6CFF-4E12-BDCC-939101EEA73F}"
EndProject
Project("{FAE04EC0-301F-11D3-BF4B-00C04F79EFBC}") = "Lesson18_循环语句while", "Lesson18_循环语句while\Lesson18_循环语句while.csproj", "{CB76AE53-5AB5-4F13-8C08-CD942A2DBF35}"
EndProject
Project("{FAE04EC0-301F-11D3-BF4B-00C04F79EFBC}") = "作业_Lesson18", "作业_Lesson18\作业_Lesson18.csproj", "{9A9C1FE9-0E7C-4CB7-91B2-17534ED253A9}"
EndProject
Project("{FAE04EC0-301F-11D3-BF4B-00C04F79EFBC}") = "Lesson19_循环语句do_while", "Lesson19_循环语句do_while\Lesson19_循环语句do_while.csproj", "{920CFA52-41A7-489E-A51C-391A8AE91C4C}"
EndProject
Project("{FAE04EC0-301F-11D3-BF4B-00C04F79EFBC}") = "作业_Lesson19", "作业_Lesson19\作业_Lesson19.csproj", "{322CD366-8C0A-4B0A-8ED5-74BFF00BF7AC}"
EndProject
Project("{FAE04EC0-301F-11D3-BF4B-00C04F79EFBC}") = "Lesson20_循环语句for", "Lesson20_循环语句for\Lesson20_循环语句for.csproj", "{140352A5-B39B-44A1-AA0B-7FDD8ADC044D}"
EndProject
Project("{FAE04EC0-301F-11D3-BF4B-00C04F79EFBC}") = "作业_Lesson20", "作业_Lesson20\作业_Lesson20.csproj", "{57E646D2-7B48-465A-B4B7-CCB9CD5E6537}"
EndProject
Global
	GlobalSection(SolutionConfigurationPlatforms) = preSolution
		Debug|Any CPU = Debug|Any CPU
		Release|Any CPU = Release|Any CPU
	EndGlobalSection
	GlobalSection(ProjectConfigurationPlatforms) = postSolution
		{5B69F373-F972-4686-9865-BA542F5CD735}.Debug|Any CPU.ActiveCfg = Debug|Any CPU
		{5B69F373-F972-4686-9865-BA542F5CD735}.Debug|Any CPU.Build.0 = Debug|Any CPU
		{5B69F373-F972-4686-9865-BA542F5CD735}.Release|Any CPU.ActiveCfg = Release|Any CPU
		{5B69F373-F972-4686-9865-BA542F5CD735}.Release|Any CPU.Build.0 = Release|Any CPU
		{DDCC3088-A71A-49C6-93CB-EF3B0E5131BF}.Debug|Any CPU.ActiveCfg = Debug|Any CPU
		{DDCC3088-A71A-49C6-93CB-EF3B0E5131BF}.Debug|Any CPU.Build.0 = Debug|Any CPU
		{DDCC3088-A71A-49C6-93CB-EF3B0E5131BF}.Release|Any CPU.ActiveCfg = Release|Any CPU
		{DDCC3088-A71A-49C6-93CB-EF3B0E5131BF}.Release|Any CPU.Build.0 = Release|Any CPU
		{856B5C8A-7CC6-4D9C-8F62-48986F6359DF}.Debug|Any CPU.ActiveCfg = Debug|Any CPU
		{856B5C8A-7CC6-4D9C-8F62-48986F6359DF}.Debug|Any CPU.Build.0 = Debug|Any CPU
		{856B5C8A-7CC6-4D9C-8F62-48986F6359DF}.Release|Any CPU.ActiveCfg = Release|Any CPU
		{856B5C8A-7CC6-4D9C-8F62-48986F6359DF}.Release|Any CPU.Build.0 = Release|Any CPU
		{940DABE9-5109-4B4B-80A2-F513488BCFA5}.Debug|Any CPU.ActiveCfg = Debug|Any CPU
		{940DABE9-5109-4B4B-80A2-F513488BCFA5}.Debug|Any CPU.Build.0 = Debug|Any CPU
		{940DABE9-5109-4B4B-80A2-F513488BCFA5}.Release|Any CPU.ActiveCfg = Release|Any CPU
		{940DABE9-5109-4B4B-80A2-F513488BCFA5}.Release|Any CPU.Build.0 = Release|Any CPU
		{56B34B2B-E627-4514-8A30-566D6EF79BCB}.Debug|Any CPU.ActiveCfg = Debug|Any CPU
		{56B34B2B-E627-4514-8A30-566D6EF79BCB}.Debug|Any CPU.Build.0 = Debug|Any CPU
		{56B34B2B-E627-4514-8A30-566D6EF79BCB}.Release|Any CPU.ActiveCfg = Release|Any CPU
		{56B34B2B-E627-4514-8A30-566D6EF79BCB}.Release|Any CPU.Build.0 = Release|Any CPU
		{DDBFEC37-9C5F-4725-91C4-14CD4F69E43F}.Debug|Any CPU.ActiveCfg = Debug|Any CPU
		{DDBFEC37-9C5F-4725-91C4-14CD4F69E43F}.Debug|Any CPU.Build.0 = Debug|Any CPU
		{DDBFEC37-9C5F-4725-91C4-14CD4F69E43F}.Release|Any CPU.ActiveCfg = Release|Any CPU
		{DDBFEC37-9C5F-4725-91C4-14CD4F69E43F}.Release|Any CPU.Build.0 = Release|Any CPU
		{DA6304B1-BD2D-4DCA-9B03-92972B53A0E5}.Debug|Any CPU.ActiveCfg = Debug|Any CPU
		{DA6304B1-BD2D-4DCA-9B03-92972B53A0E5}.Debug|Any CPU.Build.0 = Debug|Any CPU
		{DA6304B1-BD2D-4DCA-9B03-92972B53A0E5}.Release|Any CPU.ActiveCfg = Release|Any CPU
		{DA6304B1-BD2D-4DCA-9B03-92972B53A0E5}.Release|Any CPU.Build.0 = Release|Any CPU
		{7E677130-96DD-4C23-A41C-976C2A0E11D8}.Debug|Any CPU.ActiveCfg = Debug|Any CPU
		{7E677130-96DD-4C23-A41C-976C2A0E11D8}.Debug|Any CPU.Build.0 = Debug|Any CPU
		{7E677130-96DD-4C23-A41C-976C2A0E11D8}.Release|Any CPU.ActiveCfg = Release|Any CPU
		{7E677130-96DD-4C23-A41C-976C2A0E11D8}.Release|Any CPU.Build.0 = Release|Any CPU
		{0B5A4B79-A0F5-4FA6-AF1A-0CA0F6C31493}.Debug|Any CPU.ActiveCfg = Debug|Any CPU
		{0B5A4B79-A0F5-4FA6-AF1A-0CA0F6C31493}.Debug|Any CPU.Build.0 = Debug|Any CPU
		{0B5A4B79-A0F5-4FA6-AF1A-0CA0F6C31493}.Release|Any CPU.ActiveCfg = Release|Any CPU
		{0B5A4B79-A0F5-4FA6-AF1A-0CA0F6C31493}.Release|Any CPU.Build.0 = Release|Any CPU
		{1F3DB61A-AFA2-4DBF-A632-FB75A79D6BB3}.Debug|Any CPU.ActiveCfg = Debug|Any CPU
		{1F3DB61A-AFA2-4DBF-A632-FB75A79D6BB3}.Debug|Any CPU.Build.0 = Debug|Any CPU
		{1F3DB61A-AFA2-4DBF-A632-FB75A79D6BB3}.Release|Any CPU.ActiveCfg = Release|Any CPU
		{1F3DB61A-AFA2-4DBF-A632-FB75A79D6BB3}.Release|Any CPU.Build.0 = Release|Any CPU
		{F07912E6-93BF-40C3-84F6-EFEC57686125}.Debug|Any CPU.ActiveCfg = Debug|Any CPU
		{F07912E6-93BF-40C3-84F6-EFEC57686125}.Debug|Any CPU.Build.0 = Debug|Any CPU
		{F07912E6-93BF-40C3-84F6-EFEC57686125}.Release|Any CPU.ActiveCfg = Release|Any CPU
		{F07912E6-93BF-40C3-84F6-EFEC57686125}.Release|Any CPU.Build.0 = Release|Any CPU
		{2CBF972D-EACE-45B5-99B5-E883F963B3AF}.Debug|Any CPU.ActiveCfg = Debug|Any CPU
		{2CBF972D-EACE-45B5-99B5-E883F963B3AF}.Debug|Any CPU.Build.0 = Debug|Any CPU
		{2CBF972D-EACE-45B5-99B5-E883F963B3AF}.Release|Any CPU.ActiveCfg = Release|Any CPU
		{2CBF972D-EACE-45B5-99B5-E883F963B3AF}.Release|Any CPU.Build.0 = Release|Any CPU
		{F1DC27DF-B425-4AE8-B72E-453DDFF4F34F}.Debug|Any CPU.ActiveCfg = Debug|Any CPU
		{F1DC27DF-B425-4AE8-B72E-453DDFF4F34F}.Debug|Any CPU.Build.0 = Debug|Any CPU
		{F1DC27DF-B425-4AE8-B72E-453DDFF4F34F}.Release|Any CPU.ActiveCfg = Release|Any CPU
		{F1DC27DF-B425-4AE8-B72E-453DDFF4F34F}.Release|Any CPU.Build.0 = Release|Any CPU
		{1B7D15CC-FB9F-45DA-81E4-D24E7D77FFF5}.Debug|Any CPU.ActiveCfg = Debug|Any CPU
		{1B7D15CC-FB9F-45DA-81E4-D24E7D77FFF5}.Debug|Any CPU.Build.0 = Debug|Any CPU
		{1B7D15CC-FB9F-45DA-81E4-D24E7D77FFF5}.Release|Any CPU.ActiveCfg = Release|Any CPU
		{1B7D15CC-FB9F-45DA-81E4-D24E7D77FFF5}.Release|Any CPU.Build.0 = Release|Any CPU
		{B1AE21C7-F5C8-47B9-9768-70C99A922447}.Debug|Any CPU.ActiveCfg = Debug|Any CPU
		{B1AE21C7-F5C8-47B9-9768-70C99A922447}.Debug|Any CPU.Build.0 = Debug|Any CPU
		{B1AE21C7-F5C8-47B9-9768-70C99A922447}.Release|Any CPU.ActiveCfg = Release|Any CPU
		{B1AE21C7-F5C8-47B9-9768-70C99A922447}.Release|Any CPU.Build.0 = Release|Any CPU
		{1C65B49E-EBBB-4A44-BEF8-EE84EB6BC04B}.Debug|Any CPU.ActiveCfg = Debug|Any CPU
		{1C65B49E-EBBB-4A44-BEF8-EE84EB6BC04B}.Debug|Any CPU.Build.0 = Debug|Any CPU
		{1C65B49E-EBBB-4A44-BEF8-EE84EB6BC04B}.Release|Any CPU.ActiveCfg = Release|Any CPU
		{1C65B49E-EBBB-4A44-BEF8-EE84EB6BC04B}.Release|Any CPU.Build.0 = Release|Any CPU
		{02CE661B-74AD-4DF9-8B33-40C0CEE244EF}.Debug|Any CPU.ActiveCfg = Debug|Any CPU
		{02CE661B-74AD-4DF9-8B33-40C0CEE244EF}.Debug|Any CPU.Build.0 = Debug|Any CPU
		{02CE661B-74AD-4DF9-8B33-40C0CEE244EF}.Release|Any CPU.ActiveCfg = Release|Any CPU
		{02CE661B-74AD-4DF9-8B33-40C0CEE244EF}.Release|Any CPU.Build.0 = Release|Any CPU
		{F2A82AAB-F4C6-41AB-B860-00876CEF0AA2}.Debug|Any CPU.ActiveCfg = Debug|Any CPU
		{F2A82AAB-F4C6-41AB-B860-00876CEF0AA2}.Debug|Any CPU.Build.0 = Debug|Any CPU
		{F2A82AAB-F4C6-41AB-B860-00876CEF0AA2}.Release|Any CPU.ActiveCfg = Release|Any CPU
		{F2A82AAB-F4C6-41AB-B860-00876CEF0AA2}.Release|Any CPU.Build.0 = Release|Any CPU
		{84EAD694-F18B-4555-8666-11E67AAED9EE}.Debug|Any CPU.ActiveCfg = Debug|Any CPU
		{84EAD694-F18B-4555-8666-11E67AAED9EE}.Debug|Any CPU.Build.0 = Debug|Any CPU
		{84EAD694-F18B-4555-8666-11E67AAED9EE}.Release|Any CPU.ActiveCfg = Release|Any CPU
		{84EAD694-F18B-4555-8666-11E67AAED9EE}.Release|Any CPU.Build.0 = Release|Any CPU
		{DF5C9F43-A795-4557-B436-A624AC4FA307}.Debug|Any CPU.ActiveCfg = Debug|Any CPU
		{DF5C9F43-A795-4557-B436-A624AC4FA307}.Debug|Any CPU.Build.0 = Debug|Any CPU
		{DF5C9F43-A795-4557-B436-A624AC4FA307}.Release|Any CPU.ActiveCfg = Release|Any CPU
		{DF5C9F43-A795-4557-B436-A624AC4FA307}.Release|Any CPU.Build.0 = Release|Any CPU
		{BCCD29E7-1028-4656-96D5-4AA28DBDB11D}.Debug|Any CPU.ActiveCfg = Debug|Any CPU
		{BCCD29E7-1028-4656-96D5-4AA28DBDB11D}.Debug|Any CPU.Build.0 = Debug|Any CPU
		{BCCD29E7-1028-4656-96D5-4AA28DBDB11D}.Release|Any CPU.ActiveCfg = Release|Any CPU
		{BCCD29E7-1028-4656-96D5-4AA28DBDB11D}.Release|Any CPU.Build.0 = Release|Any CPU
		{52F87D54-12E3-4DC7-B642-1B3CD1EE902C}.Debug|Any CPU.ActiveCfg = Debug|Any CPU
		{52F87D54-12E3-4DC7-B642-1B3CD1EE902C}.Debug|Any CPU.Build.0 = Debug|Any CPU
		{52F87D54-12E3-4DC7-B642-1B3CD1EE902C}.Release|Any CPU.ActiveCfg = Release|Any CPU
		{52F87D54-12E3-4DC7-B642-1B3CD1EE902C}.Release|Any CPU.Build.0 = Release|Any CPU
		{13EDC4F0-024D-4750-8EF1-F7093C40B723}.Debug|Any CPU.ActiveCfg = Debug|Any CPU
		{13EDC4F0-024D-4750-8EF1-F7093C40B723}.Debug|Any CPU.Build.0 = Debug|Any CPU
		{13EDC4F0-024D-4750-8EF1-F7093C40B723}.Release|Any CPU.ActiveCfg = Release|Any CPU
		{13EDC4F0-024D-4750-8EF1-F7093C40B723}.Release|Any CPU.Build.0 = Release|Any CPU
		{18D49127-1BEC-4A3D-87C1-AA8341B59782}.Debug|Any CPU.ActiveCfg = Debug|Any CPU
		{18D49127-1BEC-4A3D-87C1-AA8341B59782}.Debug|Any CPU.Build.0 = Debug|Any CPU
		{18D49127-1BEC-4A3D-87C1-AA8341B59782}.Release|Any CPU.ActiveCfg = Release|Any CPU
		{18D49127-1BEC-4A3D-87C1-AA8341B59782}.Release|Any CPU.Build.0 = Release|Any CPU
		{03E9DF61-1A55-4D1F-ABDF-AA96EBEC83D5}.Debug|Any CPU.ActiveCfg = Debug|Any CPU
		{03E9DF61-1A55-4D1F-ABDF-AA96EBEC83D5}.Debug|Any CPU.Build.0 = Debug|Any CPU
		{03E9DF61-1A55-4D1F-ABDF-AA96EBEC83D5}.Release|Any CPU.ActiveCfg = Release|Any CPU
		{03E9DF61-1A55-4D1F-ABDF-AA96EBEC83D5}.Release|Any CPU.Build.0 = Release|Any CPU
		{F0BC13A8-242F-4F1B-AF62-F7028870D4F8}.Debug|Any CPU.ActiveCfg = Debug|Any CPU
		{F0BC13A8-242F-4F1B-AF62-F7028870D4F8}.Debug|Any CPU.Build.0 = Debug|Any CPU
		{F0BC13A8-242F-4F1B-AF62-F7028870D4F8}.Release|Any CPU.ActiveCfg = Release|Any CPU
		{F0BC13A8-242F-4F1B-AF62-F7028870D4F8}.Release|Any CPU.Build.0 = Release|Any CPU
		{9D214194-EE5C-4882-84F2-E9271C7230C3}.Debug|Any CPU.ActiveCfg = Debug|Any CPU
		{9D214194-EE5C-4882-84F2-E9271C7230C3}.Debug|Any CPU.Build.0 = Debug|Any CPU
		{9D214194-EE5C-4882-84F2-E9271C7230C3}.Release|Any CPU.ActiveCfg = Release|Any CPU
		{9D214194-EE5C-4882-84F2-E9271C7230C3}.Release|Any CPU.Build.0 = Release|Any CPU
		{04688B4B-2FE1-4E1C-AD1E-129C55CF3725}.Debug|Any CPU.ActiveCfg = Debug|Any CPU
		{04688B4B-2FE1-4E1C-AD1E-129C55CF3725}.Debug|Any CPU.Build.0 = Debug|Any CPU
		{04688B4B-2FE1-4E1C-AD1E-129C55CF3725}.Release|Any CPU.ActiveCfg = Release|Any CPU
		{04688B4B-2FE1-4E1C-AD1E-129C55CF3725}.Release|Any CPU.Build.0 = Release|Any CPU
		{71C7E8E7-F129-4EE1-B826-406C7A0A4069}.Debug|Any CPU.ActiveCfg = Debug|Any CPU
		{71C7E8E7-F129-4EE1-B826-406C7A0A4069}.Debug|Any CPU.Build.0 = Debug|Any CPU
		{71C7E8E7-F129-4EE1-B826-406C7A0A4069}.Release|Any CPU.ActiveCfg = Release|Any CPU
		{71C7E8E7-F129-4EE1-B826-406C7A0A4069}.Release|Any CPU.Build.0 = Release|Any CPU
		{90F3A0CE-05C9-4444-B6C7-4B712A558487}.Debug|Any CPU.ActiveCfg = Debug|Any CPU
		{90F3A0CE-05C9-4444-B6C7-4B712A558487}.Debug|Any CPU.Build.0 = Debug|Any CPU
		{90F3A0CE-05C9-4444-B6C7-4B712A558487}.Release|Any CPU.ActiveCfg = Release|Any CPU
		{90F3A0CE-05C9-4444-B6C7-4B712A558487}.Release|Any CPU.Build.0 = Release|Any CPU
		{3E7C536A-F2CC-4B79-B455-E95055B26EFE}.Debug|Any CPU.ActiveCfg = Debug|Any CPU
		{3E7C536A-F2CC-4B79-B455-E95055B26EFE}.Debug|Any CPU.Build.0 = Debug|Any CPU
		{3E7C536A-F2CC-4B79-B455-E95055B26EFE}.Release|Any CPU.ActiveCfg = Release|Any CPU
		{3E7C536A-F2CC-4B79-B455-E95055B26EFE}.Release|Any CPU.Build.0 = Release|Any CPU
		{6AAB34E4-CF49-44F9-AE46-BE962AF0AF39}.Debug|Any CPU.ActiveCfg = Debug|Any CPU
		{6AAB34E4-CF49-44F9-AE46-BE962AF0AF39}.Debug|Any CPU.Build.0 = Debug|Any CPU
		{6AAB34E4-CF49-44F9-AE46-BE962AF0AF39}.Release|Any CPU.ActiveCfg = Release|Any CPU
		{6AAB34E4-CF49-44F9-AE46-BE962AF0AF39}.Release|Any CPU.Build.0 = Release|Any CPU
		{5DFC4BD0-58EF-429E-832C-C5FD56DBA7D7}.Debug|Any CPU.ActiveCfg = Debug|Any CPU
		{5DFC4BD0-58EF-429E-832C-C5FD56DBA7D7}.Debug|Any CPU.Build.0 = Debug|Any CPU
		{5DFC4BD0-58EF-429E-832C-C5FD56DBA7D7}.Release|Any CPU.ActiveCfg = Release|Any CPU
		{5DFC4BD0-58EF-429E-832C-C5FD56DBA7D7}.Release|Any CPU.Build.0 = Release|Any CPU
		{2F0BA632-43BE-48CC-8A94-76C75380E7A5}.Debug|Any CPU.ActiveCfg = Debug|Any CPU
		{2F0BA632-43BE-48CC-8A94-76C75380E7A5}.Debug|Any CPU.Build.0 = Debug|Any CPU
		{2F0BA632-43BE-48CC-8A94-76C75380E7A5}.Release|Any CPU.ActiveCfg = Release|Any CPU
		{2F0BA632-43BE-48CC-8A94-76C75380E7A5}.Release|Any CPU.Build.0 = Release|Any CPU
		{54CAF41D-6CFF-4E12-BDCC-939101EEA73F}.Debug|Any CPU.ActiveCfg = Debug|Any CPU
		{54CAF41D-6CFF-4E12-BDCC-939101EEA73F}.Debug|Any CPU.Build.0 = Debug|Any CPU
		{54CAF41D-6CFF-4E12-BDCC-939101EEA73F}.Release|Any CPU.ActiveCfg = Release|Any CPU
		{54CAF41D-6CFF-4E12-BDCC-939101EEA73F}.Release|Any CPU.Build.0 = Release|Any CPU
		{CB76AE53-5AB5-4F13-8C08-CD942A2DBF35}.Debug|Any CPU.ActiveCfg = Debug|Any CPU
		{CB76AE53-5AB5-4F13-8C08-CD942A2DBF35}.Debug|Any CPU.Build.0 = Debug|Any CPU
		{CB76AE53-5AB5-4F13-8C08-CD942A2DBF35}.Release|Any CPU.ActiveCfg = Release|Any CPU
		{CB76AE53-5AB5-4F13-8C08-CD942A2DBF35}.Release|Any CPU.Build.0 = Release|Any CPU
		{9A9C1FE9-0E7C-4CB7-91B2-17534ED253A9}.Debug|Any CPU.ActiveCfg = Debug|Any CPU
		{9A9C1FE9-0E7C-4CB7-91B2-17534ED253A9}.Debug|Any CPU.Build.0 = Debug|Any CPU
		{9A9C1FE9-0E7C-4CB7-91B2-17534ED253A9}.Release|Any CPU.ActiveCfg = Release|Any CPU
		{9A9C1FE9-0E7C-4CB7-91B2-17534ED253A9}.Release|Any CPU.Build.0 = Release|Any CPU
		{920CFA52-41A7-489E-A51C-391A8AE91C4C}.Debug|Any CPU.ActiveCfg = Debug|Any CPU
		{920CFA52-41A7-489E-A51C-391A8AE91C4C}.Debug|Any CPU.Build.0 = Debug|Any CPU
		{920CFA52-41A7-489E-A51C-391A8AE91C4C}.Release|Any CPU.ActiveCfg = Release|Any CPU
		{920CFA52-41A7-489E-A51C-391A8AE91C4C}.Release|Any CPU.Build.0 = Release|Any CPU
		{322CD366-8C0A-4B0A-8ED5-74BFF00BF7AC}.Debug|Any CPU.ActiveCfg = Debug|Any CPU
		{322CD366-8C0A-4B0A-8ED5-74BFF00BF7AC}.Debug|Any CPU.Build.0 = Debug|Any CPU
		{322CD366-8C0A-4B0A-8ED5-74BFF00BF7AC}.Release|Any CPU.ActiveCfg = Release|Any CPU
		{322CD366-8C0A-4B0A-8ED5-74BFF00BF7AC}.Release|Any CPU.Build.0 = Release|Any CPU
		{140352A5-B39B-44A1-AA0B-7FDD8ADC044D}.Debug|Any CPU.ActiveCfg = Debug|Any CPU
		{140352A5-B39B-44A1-AA0B-7FDD8ADC044D}.Debug|Any CPU.Build.0 = Debug|Any CPU
		{140352A5-B39B-44A1-AA0B-7FDD8ADC044D}.Release|Any CPU.ActiveCfg = Release|Any CPU
		{140352A5-B39B-44A1-AA0B-7FDD8ADC044D}.Release|Any CPU.Build.0 = Release|Any CPU
		{57E646D2-7B48-465A-B4B7-CCB9CD5E6537}.Debug|Any CPU.ActiveCfg = Debug|Any CPU
		{57E646D2-7B48-465A-B4B7-CCB9CD5E6537}.Debug|Any CPU.Build.0 = Debug|Any CPU
		{57E646D2-7B48-465A-B4B7-CCB9CD5E6537}.Release|Any CPU.ActiveCfg = Release|Any CPU
		{57E646D2-7B48-465A-B4B7-CCB9CD5E6537}.Release|Any CPU.Build.0 = Release|Any CPU
	EndGlobalSection
	GlobalSection(SolutionProperties) = preSolution
		HideSolutionNode = FALSE
	EndGlobalSection
	GlobalSection(ExtensibilityGlobals) = postSolution
		SolutionGuid = {ECFC6024-87B6-4D03-9041-AA2898BF3B9E}
	EndGlobalSection
EndGlobal
